// !$*UTF8*$!
{
	archiveVersion = 1;
	classes = {
	};
	objectVersion = 56;
	objects = {

/* Begin PBXBuildFile section */
		7672A6252BEDAC08001BB238 /* AppDelegate.swift in Sources */ = {isa = PBXBuildFile; fileRef = 7672A6242BEDAC08001BB238 /* AppDelegate.swift */; };
		7672A6272BEDAC08001BB238 /* SceneDelegate.swift in Sources */ = {isa = PBXBuildFile; fileRef = 7672A6262BEDAC08001BB238 /* SceneDelegate.swift */; };
		7672A6292BEDAC08001BB238 /* ViewController.swift in Sources */ = {isa = PBXBuildFile; fileRef = 7672A6282BEDAC08001BB238 /* ViewController.swift */; };
		7672A62C2BEDAC08001BB238 /* Base in Resources */ = {isa = PBXBuildFile; fileRef = 7672A62B2BEDAC08001BB238 /* Base */; };
		7672A62E2BEDAC09001BB238 /* Assets.xcassets in Resources */ = {isa = PBXBuildFile; fileRef = 7672A62D2BEDAC09001BB238 /* Assets.xcassets */; };
		7672A6312BEDAC09001BB238 /* Base in Resources */ = {isa = PBXBuildFile; fileRef = 7672A6302BEDAC09001BB238 /* Base */; };
		7672A63C2BEDAC09001BB238 /* iQuizTests.swift in Sources */ = {isa = PBXBuildFile; fileRef = 7672A63B2BEDAC09001BB238 /* iQuizTests.swift */; };
		7672A6462BEDAC09001BB238 /* iQuizUITests.swift in Sources */ = {isa = PBXBuildFile; fileRef = 7672A6452BEDAC09001BB238 /* iQuizUITests.swift */; };
		7672A6482BEDAC09001BB238 /* iQuizUITestsLaunchTests.swift in Sources */ = {isa = PBXBuildFile; fileRef = 7672A6472BEDAC09001BB238 /* iQuizUITestsLaunchTests.swift */; };
		7672A65E2BF1EBBE001BB238 /* customCell.swift in Sources */ = {isa = PBXBuildFile; fileRef = 7672A65C2BF1EBBE001BB238 /* customCell.swift */; };
		7672A65F2BF1EBBE001BB238 /* customCell.xib in Resources */ = {isa = PBXBuildFile; fileRef = 7672A65D2BF1EBBE001BB238 /* customCell.xib */; };
		7672A6622BF4A198001BB238 /* QuizViewController.swift in Sources */ = {isa = PBXBuildFile; fileRef = 7672A6602BF4A198001BB238 /* QuizViewController.swift */; };
/* End PBXBuildFile section */

/* Begin PBXContainerItemProxy section */
		7672A6382BEDAC09001BB238 /* PBXContainerItemProxy */ = {
			isa = PBXContainerItemProxy;
			containerPortal = 7672A6192BEDAC08001BB238 /* Project object */;
			proxyType = 1;
			remoteGlobalIDString = 7672A6202BEDAC08001BB238;
			remoteInfo = iQuiz;
		};
		7672A6422BEDAC09001BB238 /* PBXContainerItemProxy */ = {
			isa = PBXContainerItemProxy;
			containerPortal = 7672A6192BEDAC08001BB238 /* Project object */;
			proxyType = 1;
			remoteGlobalIDString = 7672A6202BEDAC08001BB238;
			remoteInfo = iQuiz;
		};
/* End PBXContainerItemProxy section */

/* Begin PBXFileReference section */
		7672A6212BEDAC08001BB238 /* iQuiz.app */ = {isa = PBXFileReference; explicitFileType = wrapper.application; includeInIndex = 0; path = iQuiz.app; sourceTree = BUILT_PRODUCTS_DIR; };
		7672A6242BEDAC08001BB238 /* AppDelegate.swift */ = {isa = PBXFileReference; lastKnownFileType = sourcecode.swift; path = AppDelegate.swift; sourceTree = "<group>"; };
		7672A6262BEDAC08001BB238 /* SceneDelegate.swift */ = {isa = PBXFileReference; lastKnownFileType = sourcecode.swift; path = SceneDelegate.swift; sourceTree = "<group>"; };
		7672A6282BEDAC08001BB238 /* ViewController.swift */ = {isa = PBXFileReference; lastKnownFileType = sourcecode.swift; path = ViewController.swift; sourceTree = "<group>"; };
		7672A62B2BEDAC08001BB238 /* Base */ = {isa = PBXFileReference; lastKnownFileType = file.storyboard; name = Base; path = Base.lproj/Main.storyboard; sourceTree = "<group>"; };
		7672A62D2BEDAC09001BB238 /* Assets.xcassets */ = {isa = PBXFileReference; lastKnownFileType = folder.assetcatalog; path = Assets.xcassets; sourceTree = "<group>"; };
		7672A6302BEDAC09001BB238 /* Base */ = {isa = PBXFileReference; lastKnownFileType = file.storyboard; name = Base; path = Base.lproj/LaunchScreen.storyboard; sourceTree = "<group>"; };
		7672A6322BEDAC09001BB238 /* Info.plist */ = {isa = PBXFileReference; lastKnownFileType = text.plist.xml; path = Info.plist; sourceTree = "<group>"; };
		7672A6372BEDAC09001BB238 /* iQuizTests.xctest */ = {isa = PBXFileReference; explicitFileType = wrapper.cfbundle; includeInIndex = 0; path = iQuizTests.xctest; sourceTree = BUILT_PRODUCTS_DIR; };
		7672A63B2BEDAC09001BB238 /* iQuizTests.swift */ = {isa = PBXFileReference; lastKnownFileType = sourcecode.swift; path = iQuizTests.swift; sourceTree = "<group>"; };
		7672A6412BEDAC09001BB238 /* iQuizUITests.xctest */ = {isa = PBXFileReference; explicitFileType = wrapper.cfbundle; includeInIndex = 0; path = iQuizUITests.xctest; sourceTree = BUILT_PRODUCTS_DIR; };
		7672A6452BEDAC09001BB238 /* iQuizUITests.swift */ = {isa = PBXFileReference; lastKnownFileType = sourcecode.swift; path = iQuizUITests.swift; sourceTree = "<group>"; };
		7672A6472BEDAC09001BB238 /* iQuizUITestsLaunchTests.swift */ = {isa = PBXFileReference; lastKnownFileType = sourcecode.swift; path = iQuizUITestsLaunchTests.swift; sourceTree = "<group>"; };
		7672A65C2BF1EBBE001BB238 /* customCell.swift */ = {isa = PBXFileReference; lastKnownFileType = sourcecode.swift; path = customCell.swift; sourceTree = "<group>"; };
		7672A65D2BF1EBBE001BB238 /* customCell.xib */ = {isa = PBXFileReference; lastKnownFileType = file.xib; path = customCell.xib; sourceTree = "<group>"; };
		7672A6602BF4A198001BB238 /* QuizViewController.swift */ = {isa = PBXFileReference; lastKnownFileType = sourcecode.swift; path = QuizViewController.swift; sourceTree = "<group>"; };
/* End PBXFileReference section */

/* Begin PBXFrameworksBuildPhase section */
		7672A61E2BEDAC08001BB238 /* Frameworks */ = {
			isa = PBXFrameworksBuildPhase;
			buildActionMask = 2147483647;
			files = (
			);
			runOnlyForDeploymentPostprocessing = 0;
		};
		7672A6342BEDAC09001BB238 /* Frameworks */ = {
			isa = PBXFrameworksBuildPhase;
			buildActionMask = 2147483647;
			files = (
			);
			runOnlyForDeploymentPostprocessing = 0;
		};
		7672A63E2BEDAC09001BB238 /* Frameworks */ = {
			isa = PBXFrameworksBuildPhase;
			buildActionMask = 2147483647;
			files = (
			);
			runOnlyForDeploymentPostprocessing = 0;
		};
/* End PBXFrameworksBuildPhase section */

/* Begin PBXGroup section */
		7672A6182BEDAC08001BB238 = {
			isa = PBXGroup;
			children = (
				7672A6232BEDAC08001BB238 /* iQuiz */,
				7672A63A2BEDAC09001BB238 /* iQuizTests */,
				7672A6442BEDAC09001BB238 /* iQuizUITests */,
				7672A6222BEDAC08001BB238 /* Products */,
			);
			sourceTree = "<group>";
		};
		7672A6222BEDAC08001BB238 /* Products */ = {
			isa = PBXGroup;
			children = (
				7672A6212BEDAC08001BB238 /* iQuiz.app */,
				7672A6372BEDAC09001BB238 /* iQuizTests.xctest */,
				7672A6412BEDAC09001BB238 /* iQuizUITests.xctest */,
			);
			name = Products;
			sourceTree = "<group>";
		};
		7672A6232BEDAC08001BB238 /* iQuiz */ = {
			isa = PBXGroup;
			children = (
				7672A6242BEDAC08001BB238 /* AppDelegate.swift */,
				7672A6262BEDAC08001BB238 /* SceneDelegate.swift */,
				7672A6282BEDAC08001BB238 /* ViewController.swift */,
				7672A62A2BEDAC08001BB238 /* Main.storyboard */,
				7672A62D2BEDAC09001BB238 /* Assets.xcassets */,
				7672A62F2BEDAC09001BB238 /* LaunchScreen.storyboard */,
				7672A6322BEDAC09001BB238 /* Info.plist */,
				7672A65C2BF1EBBE001BB238 /* customCell.swift */,
				7672A65D2BF1EBBE001BB238 /* customCell.xib */,
				7672A6602BF4A198001BB238 /* QuizViewController.swift */,
			);
			path = iQuiz;
			sourceTree = "<group>";
		};
		7672A63A2BEDAC09001BB238 /* iQuizTests */ = {
			isa = PBXGroup;
			children = (
				7672A63B2BEDAC09001BB238 /* iQuizTests.swift */,
			);
			path = iQuizTests;
			sourceTree = "<group>";
		};
		7672A6442BEDAC09001BB238 /* iQuizUITests */ = {
			isa = PBXGroup;
			children = (
				7672A6452BEDAC09001BB238 /* iQuizUITests.swift */,
				7672A6472BEDAC09001BB238 /* iQuizUITestsLaunchTests.swift */,
			);
			path = iQuizUITests;
			sourceTree = "<group>";
		};
/* End PBXGroup section */

/* Begin PBXNativeTarget section */
		7672A6202BEDAC08001BB238 /* iQuiz */ = {
			isa = PBXNativeTarget;
			buildConfigurationList = 7672A64B2BEDAC09001BB238 /* Build configuration list for PBXNativeTarget "iQuiz" */;
			buildPhases = (
				7672A61D2BEDAC08001BB238 /* Sources */,
				7672A61E2BEDAC08001BB238 /* Frameworks */,
				7672A61F2BEDAC08001BB238 /* Resources */,
			);
			buildRules = (
			);
			dependencies = (
			);
			name = iQuiz;
			productName = iQuiz;
			productReference = 7672A6212BEDAC08001BB238 /* iQuiz.app */;
			productType = "com.apple.product-type.application";
		};
		7672A6362BEDAC09001BB238 /* iQuizTests */ = {
			isa = PBXNativeTarget;
			buildConfigurationList = 7672A64E2BEDAC09001BB238 /* Build configuration list for PBXNativeTarget "iQuizTests" */;
			buildPhases = (
				7672A6332BEDAC09001BB238 /* Sources */,
				7672A6342BEDAC09001BB238 /* Frameworks */,
				7672A6352BEDAC09001BB238 /* Resources */,
			);
			buildRules = (
			);
			dependencies = (
				7672A6392BEDAC09001BB238 /* PBXTargetDependency */,
			);
			name = iQuizTests;
			productName = iQuizTests;
			productReference = 7672A6372BEDAC09001BB238 /* iQuizTests.xctest */;
			productType = "com.apple.product-type.bundle.unit-test";
		};
		7672A6402BEDAC09001BB238 /* iQuizUITests */ = {
			isa = PBXNativeTarget;
			buildConfigurationList = 7672A6512BEDAC09001BB238 /* Build configuration list for PBXNativeTarget "iQuizUITests" */;
			buildPhases = (
				7672A63D2BEDAC09001BB238 /* Sources */,
				7672A63E2BEDAC09001BB238 /* Frameworks */,
				7672A63F2BEDAC09001BB238 /* Resources */,
			);
			buildRules = (
			);
			dependencies = (
				7672A6432BEDAC09001BB238 /* PBXTargetDependency */,
			);
			name = iQuizUITests;
			productName = iQuizUITests;
			productReference = 7672A6412BEDAC09001BB238 /* iQuizUITests.xctest */;
			productType = "com.apple.product-type.bundle.ui-testing";
		};
/* End PBXNativeTarget section */

/* Begin PBXProject section */
		7672A6192BEDAC08001BB238 /* Project object */ = {
			isa = PBXProject;
			attributes = {
				BuildIndependentTargetsInParallel = 1;
				LastSwiftUpdateCheck = 1530;
				LastUpgradeCheck = 1530;
				TargetAttributes = {
					7672A6202BEDAC08001BB238 = {
						CreatedOnToolsVersion = 15.3;
					};
					7672A6362BEDAC09001BB238 = {
						CreatedOnToolsVersion = 15.3;
						TestTargetID = 7672A6202BEDAC08001BB238;
					};
					7672A6402BEDAC09001BB238 = {
						CreatedOnToolsVersion = 15.3;
						TestTargetID = 7672A6202BEDAC08001BB238;
					};
				};
			};
			buildConfigurationList = 7672A61C2BEDAC08001BB238 /* Build configuration list for PBXProject "iQuiz" */;
			compatibilityVersion = "Xcode 14.0";
			developmentRegion = en;
			hasScannedForEncodings = 0;
			knownRegions = (
				en,
				Base,
			);
			mainGroup = 7672A6182BEDAC08001BB238;
			productRefGroup = 7672A6222BEDAC08001BB238 /* Products */;
			projectDirPath = "";
			projectRoot = "";
			targets = (
				7672A6202BEDAC08001BB238 /* iQuiz */,
				7672A6362BEDAC09001BB238 /* iQuizTests */,
				7672A6402BEDAC09001BB238 /* iQuizUITests */,
			);
		};
/* End PBXProject section */

/* Begin PBXResourcesBuildPhase section */
		7672A61F2BEDAC08001BB238 /* Resources */ = {
			isa = PBXResourcesBuildPhase;
			buildActionMask = 2147483647;
			files = (
				7672A62E2BEDAC09001BB238 /* Assets.xcassets in Resources */,
				7672A6312BEDAC09001BB238 /* Base in Resources */,
				7672A65F2BF1EBBE001BB238 /* customCell.xib in Resources */,
				7672A62C2BEDAC08001BB238 /* Base in Resources */,
			);
			runOnlyForDeploymentPostprocessing = 0;
		};
		7672A6352BEDAC09001BB238 /* Resources */ = {
			isa = PBXResourcesBuildPhase;
			buildActionMask = 2147483647;
			files = (
			);
			runOnlyForDeploymentPostprocessing = 0;
		};
		7672A63F2BEDAC09001BB238 /* Resources */ = {
			isa = PBXResourcesBuildPhase;
			buildActionMask = 2147483647;
			files = (
			);
			runOnlyForDeploymentPostprocessing = 0;
		};
/* End PBXResourcesBuildPhase section */

/* Begin PBXSourcesBuildPhase section */
		7672A61D2BEDAC08001BB238 /* Sources */ = {
			isa = PBXSourcesBuildPhase;
			buildActionMask = 2147483647;
			files = (
				7672A6292BEDAC08001BB238 /* ViewController.swift in Sources */,
				7672A6622BF4A198001BB238 /* QuizViewController.swift in Sources */,
				7672A6252BEDAC08001BB238 /* AppDelegate.swift in Sources */,
				7672A65E2BF1EBBE001BB238 /* customCell.swift in Sources */,
				7672A6272BEDAC08001BB238 /* SceneDelegate.swift in Sources */,
			);
			runOnlyForDeploymentPostprocessing = 0;
		};
		7672A6332BEDAC09001BB238 /* Sources */ = {
			isa = PBXSourcesBuildPhase;
			buildActionMask = 2147483647;
			files = (
				7672A63C2BEDAC09001BB238 /* iQuizTests.swift in Sources */,
			);
			runOnlyForDeploymentPostprocessing = 0;
		};
		7672A63D2BEDAC09001BB238 /* Sources */ = {
			isa = PBXSourcesBuildPhase;
			buildActionMask = 2147483647;
			files = (
				7672A6462BEDAC09001BB238 /* iQuizUITests.swift in Sources */,
				7672A6482BEDAC09001BB238 /* iQuizUITestsLaunchTests.swift in Sources */,
			);
			runOnlyForDeploymentPostprocessing = 0;
		};
/* End PBXSourcesBuildPhase section */

/* Begin PBXTargetDependency section */
		7672A6392BEDAC09001BB238 /* PBXTargetDependency */ = {
			isa = PBXTargetDependency;
			target = 7672A6202BEDAC08001BB238 /* iQuiz */;
			targetProxy = 7672A6382BEDAC09001BB238 /* PBXContainerItemProxy */;
		};
		7672A6432BEDAC09001BB238 /* PBXTargetDependency */ = {
			isa = PBXTargetDependency;
			target = 7672A6202BEDAC08001BB238 /* iQuiz */;
			targetProxy = 7672A6422BEDAC09001BB238 /* PBXContainerItemProxy */;
		};
/* End PBXTargetDependency section */

/* Begin PBXVariantGroup section */
		7672A62A2BEDAC08001BB238 /* Main.storyboard */ = {
			isa = PBXVariantGroup;
			children = (
				7672A62B2BEDAC08001BB238 /* Base */,
			);
			name = Main.storyboard;
			sourceTree = "<group>";
		};
		7672A62F2BEDAC09001BB238 /* LaunchScreen.storyboard */ = {
			isa = PBXVariantGroup;
			children = (
				7672A6302BEDAC09001BB238 /* Base */,
			);
			name = LaunchScreen.storyboard;
			sourceTree = "<group>";
		};
/* End PBXVariantGroup section */

/* Begin XCBuildConfiguration section */
		7672A6492BEDAC09001BB238 /* Debug */ = {
			isa = XCBuildConfiguration;
			buildSettings = {
				ALWAYS_SEARCH_USER_PATHS = NO;
				ASSETCATALOG_COMPILER_GENERATE_SWIFT_ASSET_SYMBOL_EXTENSIONS = YES;
				CLANG_ANALYZER_NONNULL = YES;
				CLANG_ANALYZER_NUMBER_OBJECT_CONVERSION = YES_AGGRESSIVE;
				CLANG_CXX_LANGUAGE_STANDARD = "gnu++20";
				CLANG_ENABLE_MODULES = YES;
				CLANG_ENABLE_OBJC_ARC = YES;
				CLANG_ENABLE_OBJC_WEAK = YES;
				CLANG_WARN_BLOCK_CAPTURE_AUTORELEASING = YES;
				CLANG_WARN_BOOL_CONVERSION = YES;
				CLANG_WARN_COMMA = YES;
				CLANG_WARN_CONSTANT_CONVERSION = YES;
				CLANG_WARN_DEPRECATED_OBJC_IMPLEMENTATIONS = YES;
				CLANG_WARN_DIRECT_OBJC_ISA_USAGE = YES_ERROR;
				CLANG_WARN_DOCUMENTATION_COMMENTS = YES;
				CLANG_WARN_EMPTY_BODY = YES;
				CLANG_WARN_ENUM_CONVERSION = YES;
				CLANG_WARN_INFINITE_RECURSION = YES;
				CLANG_WARN_INT_CONVERSION = YES;
				CLANG_WARN_NON_LITERAL_NULL_CONVERSION = YES;
				CLANG_WARN_OBJC_IMPLICIT_RETAIN_SELF = YES;
				CLANG_WARN_OBJC_LITERAL_CONVERSION = YES;
				CLANG_WARN_OBJC_ROOT_CLASS = YES_ERROR;
				CLANG_WARN_QUOTED_INCLUDE_IN_FRAMEWORK_HEADER = YES;
				CLANG_WARN_RANGE_LOOP_ANALYSIS = YES;
				CLANG_WARN_STRICT_PROTOTYPES = YES;
				CLANG_WARN_SUSPICIOUS_MOVE = YES;
				CLANG_WARN_UNGUARDED_AVAILABILITY = YES_AGGRESSIVE;
				CLANG_WARN_UNREACHABLE_CODE = YES;
				CLANG_WARN__DUPLICATE_METHOD_MATCH = YES;
				COPY_PHASE_STRIP = NO;
				DEBUG_INFORMATION_FORMAT = dwarf;
				ENABLE_STRICT_OBJC_MSGSEND = YES;
				ENABLE_TESTABILITY = YES;
				ENABLE_USER_SCRIPT_SANDBOXING = YES;
				GCC_C_LANGUAGE_STANDARD = gnu17;
				GCC_DYNAMIC_NO_PIC = NO;
				GCC_NO_COMMON_BLOCKS = YES;
				GCC_OPTIMIZATION_LEVEL = 0;
				GCC_PREPROCESSOR_DEFINITIONS = (
					"DEBUG=1",
					"$(inherited)",
				);
				GCC_WARN_64_TO_32_BIT_CONVERSION = YES;
				GCC_WARN_ABOUT_RETURN_TYPE = YES_ERROR;
				GCC_WARN_UNDECLARED_SELECTOR = YES;
				GCC_WARN_UNINITIALIZED_AUTOS = YES_AGGRESSIVE;
				GCC_WARN_UNUSED_FUNCTION = YES;
				GCC_WARN_UNUSED_VARIABLE = YES;
				IPHONEOS_DEPLOYMENT_TARGET = 17.4;
				LOCALIZATION_PREFERS_STRING_CATALOGS = YES;
				MTL_ENABLE_DEBUG_INFO = INCLUDE_SOURCE;
				MTL_FAST_MATH = YES;
				ONLY_ACTIVE_ARCH = YES;
				SDKROOT = iphoneos;
				SWIFT_ACTIVE_COMPILATION_CONDITIONS = "DEBUG $(inherited)";
				SWIFT_OPTIMIZATION_LEVEL = "-Onone";
			};
			name = Debug;
		};
		7672A64A2BEDAC09001BB238 /* Release */ = {
			isa = XCBuildConfiguration;
			buildSettings = {
				ALWAYS_SEARCH_USER_PATHS = NO;
				ASSETCATALOG_COMPILER_GENERATE_SWIFT_ASSET_SYMBOL_EXTENSIONS = YES;
				CLANG_ANALYZER_NONNULL = YES;
				CLANG_ANALYZER_NUMBER_OBJECT_CONVERSION = YES_AGGRESSIVE;
				CLANG_CXX_LANGUAGE_STANDARD = "gnu++20";
				CLANG_ENABLE_MODULES = YES;
				CLANG_ENABLE_OBJC_ARC = YES;
				CLANG_ENABLE_OBJC_WEAK = YES;
				CLANG_WARN_BLOCK_CAPTURE_AUTORELEASING = YES;
				CLANG_WARN_BOOL_CONVERSION = YES;
				CLANG_WARN_COMMA = YES;
				CLANG_WARN_CONSTANT_CONVERSION = YES;
				CLANG_WARN_DEPRECATED_OBJC_IMPLEMENTATIONS = YES;
				CLANG_WARN_DIRECT_OBJC_ISA_USAGE = YES_ERROR;
				CLANG_WARN_DOCUMENTATION_COMMENTS = YES;
				CLANG_WARN_EMPTY_BODY = YES;
				CLANG_WARN_ENUM_CONVERSION = YES;
				CLANG_WARN_INFINITE_RECURSION = YES;
				CLANG_WARN_INT_CONVERSION = YES;
				CLANG_WARN_NON_LITERAL_NULL_CONVERSION = YES;
				CLANG_WARN_OBJC_IMPLICIT_RETAIN_SELF = YES;
				CLANG_WARN_OBJC_LITERAL_CONVERSION = YES;
				CLANG_WARN_OBJC_ROOT_CLASS = YES_ERROR;
				CLANG_WARN_QUOTED_INCLUDE_IN_FRAMEWORK_HEADER = YES;
				CLANG_WARN_RANGE_LOOP_ANALYSIS = YES;
				CLANG_WARN_STRICT_PROTOTYPES = YES;
				CLANG_WARN_SUSPICIOUS_MOVE = YES;
				CLANG_WARN_UNGUARDED_AVAILABILITY = YES_AGGRESSIVE;
				CLANG_WARN_UNREACHABLE_CODE = YES;
				CLANG_WARN__DUPLICATE_METHOD_MATCH = YES;
				COPY_PHASE_STRIP = NO;
				DEBUG_INFORMATION_FORMAT = "dwarf-with-dsym";
				ENABLE_NS_ASSERTIONS = NO;
				ENABLE_STRICT_OBJC_MSGSEND = YES;
				ENABLE_USER_SCRIPT_SANDBOXING = YES;
				GCC_C_LANGUAGE_STANDARD = gnu17;
				GCC_NO_COMMON_BLOCKS = YES;
				GCC_WARN_64_TO_32_BIT_CONVERSION = YES;
				GCC_WARN_ABOUT_RETURN_TYPE = YES_ERROR;
				GCC_WARN_UNDECLARED_SELECTOR = YES;
				GCC_WARN_UNINITIALIZED_AUTOS = YES_AGGRESSIVE;
				GCC_WARN_UNUSED_FUNCTION = YES;
				GCC_WARN_UNUSED_VARIABLE = YES;
				IPHONEOS_DEPLOYMENT_TARGET = 17.4;
				LOCALIZATION_PREFERS_STRING_CATALOGS = YES;
				MTL_ENABLE_DEBUG_INFO = NO;
				MTL_FAST_MATH = YES;
				SDKROOT = iphoneos;
				SWIFT_COMPILATION_MODE = wholemodule;
				VALIDATE_PRODUCT = YES;
			};
			name = Release;
		};
		7672A64C2BEDAC09001BB238 /* Debug */ = {
			isa = XCBuildConfiguration;
			buildSettings = {
				ASSETCATALOG_COMPILER_APPICON_NAME = AppIcon;
				ASSETCATALOG_COMPILER_GLOBAL_ACCENT_COLOR_NAME = AccentColor;
				CODE_SIGN_STYLE = Automatic;
				CURRENT_PROJECT_VERSION = 1;
				GENERATE_INFOPLIST_FILE = YES;
				INFOPLIST_FILE = iQuiz/Info.plist;
				INFOPLIST_KEY_UIApplicationSupportsIndirectInputEvents = YES;
				INFOPLIST_KEY_UILaunchStoryboardName = LaunchScreen;
				INFOPLIST_KEY_UIMainStoryboardFile = Main;
				INFOPLIST_KEY_UISupportedInterfaceOrientations_iPad = "UIInterfaceOrientationPortrait UIInterfaceOrientationPortraitUpsideDown UIInterfaceOrientationLandscapeLeft UIInterfaceOrientationLandscapeRight";
				INFOPLIST_KEY_UISupportedInterfaceOrientations_iPhone = "UIInterfaceOrientationPortrait UIInterfaceOrientationLandscapeLeft UIInterfaceOrientationLandscapeRight";
				LD_RUNPATH_SEARCH_PATHS = (
					"$(inherited)",
					"@executable_path/Frameworks",
				);
				MARKETING_VERSION = 1.0;
				PRODUCT_BUNDLE_IDENTIFIER = edu.uw.audreydk.iQuiz;
				PRODUCT_NAME = "$(TARGET_NAME)";
				SWIFT_EMIT_LOC_STRINGS = YES;
				SWIFT_VERSION = 5.0;
				TARGETED_DEVICE_FAMILY = "1,2";
			};
			name = Debug;
		};
		7672A64D2BEDAC09001BB238 /* Release */ = {
			isa = XCBuildConfiguration;
			buildSettings = {
				ASSETCATALOG_COMPILER_APPICON_NAME = AppIcon;
				ASSETCATALOG_COMPILER_GLOBAL_ACCENT_COLOR_NAME = AccentColor;
				CODE_SIGN_STYLE = Automatic;
				CURRENT_PROJECT_VERSION = 1;
				GENERATE_INFOPLIST_FILE = YES;
				INFOPLIST_FILE = iQuiz/Info.plist;
				INFOPLIST_KEY_UIApplicationSupportsIndirectInputEvents = YES;
				INFOPLIST_KEY_UILaunchStoryboardName = LaunchScreen;
				INFOPLIST_KEY_UIMainStoryboardFile = Main;
				INFOPLIST_KEY_UISupportedInterfaceOrientations_iPad = "UIInterfaceOrientationPortrait UIInterfaceOrientationPortraitUpsideDown UIInterfaceOrientationLandscapeLeft UIInterfaceOrientationLandscapeRight";
				INFOPLIST_KEY_UISupportedInterfaceOrientations_iPhone = "UIInterfaceOrientationPortrait UIInterfaceOrientationLandscapeLeft UIInterfaceOrientationLandscapeRight";
				LD_RUNPATH_SEARCH_PATHS = (
					"$(inherited)",
					"@executable_path/Frameworks",
				);
				MARKETING_VERSION = 1.0;
				PRODUCT_BUNDLE_IDENTIFIER = edu.uw.audreydk.iQuiz;
				PRODUCT_NAME = "$(TARGET_NAME)";
				SWIFT_EMIT_LOC_STRINGS = YES;
				SWIFT_VERSION = 5.0;
				TARGETED_DEVICE_FAMILY = "1,2";
			};
			name = Release;
		};
		7672A64F2BEDAC09001BB238 /* Debug */ = {
			isa = XCBuildConfiguration;
			buildSettings = {
				ALWAYS_EMBED_SWIFT_STANDARD_LIBRARIES = YES;
				BUNDLE_LOADER = "$(TEST_HOST)";
				CODE_SIGN_STYLE = Automatic;
				CURRENT_PROJECT_VERSION = 1;
				GENERATE_INFOPLIST_FILE = YES;
				IPHONEOS_DEPLOYMENT_TARGET = 17.4;
				MARKETING_VERSION = 1.0;
				PRODUCT_BUNDLE_IDENTIFIER = edu.uw.audreydk.iQuizTests;
				PRODUCT_NAME = "$(TARGET_NAME)";
				SWIFT_EMIT_LOC_STRINGS = NO;
				SWIFT_VERSION = 5.0;
				TARGETED_DEVICE_FAMILY = "1,2";
				TEST_HOST = "$(BUILT_PRODUCTS_DIR)/iQuiz.app/$(BUNDLE_EXECUTABLE_FOLDER_PATH)/iQuiz";
			};
			name = Debug;
		};
		7672A6502BEDAC09001BB238 /* Release */ = {
			isa = XCBuildConfiguration;
			buildSettings = {
				ALWAYS_EMBED_SWIFT_STANDARD_LIBRARIES = YES;
				BUNDLE_LOADER = "$(TEST_HOST)";
				CODE_SIGN_STYLE = Automatic;
				CURRENT_PROJECT_VERSION = 1;
				GENERATE_INFOPLIST_FILE = YES;
				IPHONEOS_DEPLOYMENT_TARGET = 17.4;
				MARKETING_VERSION = 1.0;
				PRODUCT_BUNDLE_IDENTIFIER = edu.uw.audreydk.iQuizTests;
				PRODUCT_NAME = "$(TARGET_NAME)";
				SWIFT_EMIT_LOC_STRINGS = NO;
				SWIFT_VERSION = 5.0;
				TARGETED_DEVICE_FAMILY = "1,2";
				TEST_HOST = "$(BUILT_PRODUCTS_DIR)/iQuiz.app/$(BUNDLE_EXECUTABLE_FOLDER_PATH)/iQuiz";
			};
			name = Release;
		};
		7672A6522BEDAC09001BB238 /* Debug */ = {
			isa = XCBuildConfiguration;
			buildSettings = {
				ALWAYS_EMBED_SWIFT_STANDARD_LIBRARIES = YES;
				CODE_SIGN_STYLE = Automatic;
				CURRENT_PROJECT_VERSION = 1;
				GENERATE_INFOPLIST_FILE = YES;
				MARKETING_VERSION = 1.0;
				PRODUCT_BUNDLE_IDENTIFIER = edu.uw.audreydk.iQuizUITests;
				PRODUCT_NAME = "$(TARGET_NAME)";
				SWIFT_EMIT_LOC_STRINGS = NO;
				SWIFT_VERSION = 5.0;
				TARGETED_DEVICE_FAMILY = "1,2";
				TEST_TARGET_NAME = iQuiz;
			};
			name = Debug;
		};
		7672A6532BEDAC09001BB238 /* Release */ = {
			isa = XCBuildConfiguration;
			buildSettings = {
				ALWAYS_EMBED_SWIFT_STANDARD_LIBRARIES = YES;
				CODE_SIGN_STYLE = Automatic;
				CURRENT_PROJECT_VERSION = 1;
				GENERATE_INFOPLIST_FILE = YES;
				MARKETING_VERSION = 1.0;
				PRODUCT_BUNDLE_IDENTIFIER = edu.uw.audreydk.iQuizUITests;
				PRODUCT_NAME = "$(TARGET_NAME)";
				SWIFT_EMIT_LOC_STRINGS = NO;
				SWIFT_VERSION = 5.0;
				TARGETED_DEVICE_FAMILY = "1,2";
				TEST_TARGET_NAME = iQuiz;
			};
			name = Release;
		};
/* End XCBuildConfiguration section */

/* Begin XCConfigurationList section */
		7672A61C2BEDAC08001BB238 /* Build configuration list for PBXProject "iQuiz" */ = {
			isa = XCConfigurationList;
			buildConfigurations = (
				7672A6492BEDAC09001BB238 /* Debug */,
				7672A64A2BEDAC09001BB238 /* Release */,
			);
			defaultConfigurationIsVisible = 0;
			defaultConfigurationName = Release;
		};
		7672A64B2BEDAC09001BB238 /* Build configuration list for PBXNativeTarget "iQuiz" */ = {
			isa = XCConfigurationList;
			buildConfigurations = (
				7672A64C2BEDAC09001BB238 /* Debug */,
				7672A64D2BEDAC09001BB238 /* Release */,
			);
			defaultConfigurationIsVisible = 0;
			defaultConfigurationName = Release;
		};
		7672A64E2BEDAC09001BB238 /* Build configuration list for PBXNativeTarget "iQuizTests" */ = {
			isa = XCConfigurationList;
			buildConfigurations = (
				7672A64F2BEDAC09001BB238 /* Debug */,
				7672A6502BEDAC09001BB238 /* Release */,
			);
			defaultConfigurationIsVisible = 0;
			defaultConfigurationName = Release;
		};
		7672A6512BEDAC09001BB238 /* Build configuration list for PBXNativeTarget "iQuizUITests" */ = {
			isa = XCConfigurationList;
			buildConfigurations = (
				7672A6522BEDAC09001BB238 /* Debug */,
				7672A6532BEDAC09001BB238 /* Release */,
			);
			defaultConfigurationIsVisible = 0;
			defaultConfigurationName = Release;
		};
/* End XCConfigurationList section */
	};
	rootObject = 7672A6192BEDAC08001BB238 /* Project object */;
}
